schema: '2.0'
stages:
  data_prep:
    cmd: python -m mljob.data_prep
    deps:
    - path: mljob/data_prep.py
      hash: md5
      md5: 1cced67f6d9117c1f933e2af287c0a59
      size: 2589
    - path: mljob/telemetry.py
      hash: md5
      md5: 7e560dc340687899d5cf1ee16580a9c9
      size: 7660
    outs:
    - path: .data/processed
      hash: md5
      md5: d218edd40ae06ae1f2df97638d10cff9.dir
      size: 34589223
      nfiles: 3
    - path: .runs/data_prep/metrics.json
      hash: md5
      md5: bb8d1add94979bd709f308438a0999c2
      size: 598
  train:
    cmd: python -m mljob.train --fault none
    deps:
    - path: .data/processed
      hash: md5
      md5: d218edd40ae06ae1f2df97638d10cff9.dir
      size: 34589223
      nfiles: 3
    - path: mljob/model.py
      hash: md5
      md5: 93d2c136ed86e77d8ddf1a84aee82847
      size: 1503
    - path: mljob/telemetry.py
      hash: md5
      md5: 7e560dc340687899d5cf1ee16580a9c9
      size: 7660
    - path: mljob/train.py
      hash: md5
      md5: 91a09c441995d5f2bb3b79d70cadeade
      size: 6637
    outs:
    - path: .artifacts/model.pt
      hash: md5
      md5: 796d15a293c3e1931d8bed75933ca390
      size: 831025
    - path: .runs/train/metrics.json
      hash: md5
      md5: db9601cbea358e9b1e7134c54a3b7ccf
      size: 5668
  evaluate:
    cmd: python -m mljob.evaluate
    deps:
    - path: .artifacts/model.pt
      hash: md5
      md5: 796d15a293c3e1931d8bed75933ca390
      size: 831025
    - path: .data/processed
      hash: md5
      md5: d218edd40ae06ae1f2df97638d10cff9.dir
      size: 34589223
      nfiles: 3
    - path: mljob/evaluate.py
      hash: md5
      md5: cd4ac62eba2f19c7a9b1a9c6e6ba3298
      size: 1607
    outs:
    - path: .runs/evaluate/metrics.json
      hash: md5
      md5: 5e465f2a5c6856ce350ff02f0d2b1d48
      size: 922
  deploy:
    cmd: python -m mljob.deploy
    deps:
    - path: .artifacts/model.pt
      hash: md5
      md5: 796d15a293c3e1931d8bed75933ca390
      size: 831025
    - path: .runs/evaluate/metrics.json
      hash: md5
      md5: 5e465f2a5c6856ce350ff02f0d2b1d48
      size: 922
    - path: mljob/deploy.py
      hash: md5
      md5: dfac94bab705cc0a935911b28b8968a2
      size: 1333
    outs:
    - path: .artifacts/deployed
      hash: md5
      md5: 13af609ed12437099db5a29cf7e7eb53.dir
      size: 831120
      nfiles: 2
